
Microsoft Visual Studio Solution File, Format Version 12.00
# Visual Studio Version 17
VisualStudioVersion = 17.3.32929.385
MinimumVisualStudioVersion = 10.0.40219.1
Project("{FAE04EC0-301F-11D3-BF4B-00C04F79EFBC}") = "ConsoleApp8", "ConsoleApp8\ConsoleApp8.csproj", "{359CD666-83F0-4914-B691-35A81FF2EEBF}"
EndProject
Global
	GlobalSection(SolutionConfigurationPlatforms) = preSolution
		Debug|Any CPU = Debug|Any CPU
		Release|Any CPU = Release|Any CPU
	EndGlobalSection
	GlobalSection(ProjectConfigurationPlatforms) = postSolution
		{359CD666-83F0-4914-B691-35A81FF2EEBF}.Debug|Any CPU.ActiveCfg = Debug|Any CPU
		{359CD666-83F0-4914-B691-35A81FF2EEBF}.Debug|Any CPU.Build.0 = Debug|Any CPU
		{359CD666-83F0-4914-B691-35A81FF2EEBF}.Release|Any CPU.ActiveCfg = Release|Any CPU
		{359CD666-83F0-4914-B691-35A81FF2EEBF}.Release|Any CPU.Build.0 = Release|Any CPU
	EndGlobalSection
	GlobalSection(SolutionProperties) = preSolution
		HideSolutionNode = FALSE
	EndGlobalSection
	GlobalSection(ExtensibilityGlobals) = postSolution
		SolutionGuid = {8D9F64AD-8375-4B13-99AB-6FFF763B7765}
	EndGlobalSection
EndGlobal
